
Microsoft Visual Studio Solution File, Format Version 12.00
# Visual Studio Version 16
VisualStudioVersion = 16.0.29709.97
MinimumVisualStudioVersion = 10.0.40219.1
Project("{FAE04EC0-301F-11D3-BF4B-00C04F79EFBC}") = "CustomTournamentsUI", "CustomTournamentsUI\CustomTournamentsUI.csproj", "{7C8C2A11-559F-46CD-A613-B8F48C5E9555}"
EndProject
Project("{FAE04EC0-301F-11D3-BF4B-00C04F79EFBC}") = "CustomTournamentsLibrary", "CustomTournamentsLibrary\CustomTournamentsLibrary.csproj", "{4C8E0111-38EE-4D62-AFB2-C199690D2AB7}"
EndProject
Project("{00D1A9C2-B5F0-4AF3-8072-F6C62B433612}") = "CustomTournamentsDB", "CustomTournamentsDB\CustomTournamentsDB.sqlproj", "{7D8D7340-3EBA-4A29-9EE3-3B62437B0206}"
EndProject
Global
	GlobalSection(SolutionConfigurationPlatforms) = preSolution
		Debug|Any CPU = Debug|Any CPU
		Release|Any CPU = Release|Any CPU
	EndGlobalSection
	GlobalSection(ProjectConfigurationPlatforms) = postSolution
		{7C8C2A11-559F-46CD-A613-B8F48C5E9555}.Debug|Any CPU.ActiveCfg = Debug|Any CPU
		{7C8C2A11-559F-46CD-A613-B8F48C5E9555}.Debug|Any CPU.Build.0 = Debug|Any CPU
		{7C8C2A11-559F-46CD-A613-B8F48C5E9555}.Release|Any CPU.ActiveCfg = Release|Any CPU
		{7C8C2A11-559F-46CD-A613-B8F48C5E9555}.Release|Any CPU.Build.0 = Release|Any CPU
		{4C8E0111-38EE-4D62-AFB2-C199690D2AB7}.Debug|Any CPU.ActiveCfg = Debug|Any CPU
		{4C8E0111-38EE-4D62-AFB2-C199690D2AB7}.Debug|Any CPU.Build.0 = Debug|Any CPU
		{4C8E0111-38EE-4D62-AFB2-C199690D2AB7}.Release|Any CPU.ActiveCfg = Release|Any CPU
		{4C8E0111-38EE-4D62-AFB2-C199690D2AB7}.Release|Any CPU.Build.0 = Release|Any CPU
		{7D8D7340-3EBA-4A29-9EE3-3B62437B0206}.Debug|Any CPU.ActiveCfg = Debug|Any CPU
		{7D8D7340-3EBA-4A29-9EE3-3B62437B0206}.Debug|Any CPU.Build.0 = Debug|Any CPU
		{7D8D7340-3EBA-4A29-9EE3-3B62437B0206}.Debug|Any CPU.Deploy.0 = Debug|Any CPU
		{7D8D7340-3EBA-4A29-9EE3-3B62437B0206}.Release|Any CPU.ActiveCfg = Release|Any CPU
		{7D8D7340-3EBA-4A29-9EE3-3B62437B0206}.Release|Any CPU.Build.0 = Release|Any CPU
		{7D8D7340-3EBA-4A29-9EE3-3B62437B0206}.Release|Any CPU.Deploy.0 = Release|Any CPU
	EndGlobalSection
	GlobalSection(SolutionProperties) = preSolution
		HideSolutionNode = FALSE
	EndGlobalSection
	GlobalSection(ExtensibilityGlobals) = postSolution
		SolutionGuid = {252AD79F-F953-4DE5-9E43-D3F350FCD212}
	EndGlobalSection
EndGlobal
